
Microsoft Visual Studio Solution File, Format Version 12.00
# Visual Studio Version 17
VisualStudioVersion = 17.3.32922.545
MinimumVisualStudioVersion = 10.0.40219.1
Project("{FAE04EC0-301F-11D3-BF4B-00C04F79EFBC}") = "LojaAPI", "LojaAPI\LojaAPI.csproj", "{D6FC0BCB-A0ED-4B55-AAED-6ED5C41E693E}"
EndProject
Project("{FAE04EC0-301F-11D3-BF4B-00C04F79EFBC}") = "Core", "Core\Core.csproj", "{133DC818-70AB-4CEE-A7E4-C9D87E4C67BD}"
EndProject
Project("{FAE04EC0-301F-11D3-BF4B-00C04F79EFBC}") = "Service", "Service\Service.csproj", "{6CF92AEB-E827-4930-8F8B-20D62B37EBE4}"
EndProject
Global
	GlobalSection(SolutionConfigurationPlatforms) = preSolution
		Debug|Any CPU = Debug|Any CPU
		Release|Any CPU = Release|Any CPU
	EndGlobalSection
	GlobalSection(ProjectConfigurationPlatforms) = postSolution
		{D6FC0BCB-A0ED-4B55-AAED-6ED5C41E693E}.Debug|Any CPU.ActiveCfg = Debug|Any CPU
		{D6FC0BCB-A0ED-4B55-AAED-6ED5C41E693E}.Debug|Any CPU.Build.0 = Debug|Any CPU
		{D6FC0BCB-A0ED-4B55-AAED-6ED5C41E693E}.Release|Any CPU.ActiveCfg = Release|Any CPU
		{D6FC0BCB-A0ED-4B55-AAED-6ED5C41E693E}.Release|Any CPU.Build.0 = Release|Any CPU
		{133DC818-70AB-4CEE-A7E4-C9D87E4C67BD}.Debug|Any CPU.ActiveCfg = Debug|Any CPU
		{133DC818-70AB-4CEE-A7E4-C9D87E4C67BD}.Debug|Any CPU.Build.0 = Debug|Any CPU
		{133DC818-70AB-4CEE-A7E4-C9D87E4C67BD}.Release|Any CPU.ActiveCfg = Release|Any CPU
		{133DC818-70AB-4CEE-A7E4-C9D87E4C67BD}.Release|Any CPU.Build.0 = Release|Any CPU
		{6CF92AEB-E827-4930-8F8B-20D62B37EBE4}.Debug|Any CPU.ActiveCfg = Debug|Any CPU
		{6CF92AEB-E827-4930-8F8B-20D62B37EBE4}.Debug|Any CPU.Build.0 = Debug|Any CPU
		{6CF92AEB-E827-4930-8F8B-20D62B37EBE4}.Release|Any CPU.ActiveCfg = Release|Any CPU
		{6CF92AEB-E827-4930-8F8B-20D62B37EBE4}.Release|Any CPU.Build.0 = Release|Any CPU
	EndGlobalSection
	GlobalSection(SolutionProperties) = preSolution
		HideSolutionNode = FALSE
	EndGlobalSection
	GlobalSection(ExtensibilityGlobals) = postSolution
		SolutionGuid = {FB2C95A7-8A84-48C4-BD37-AAE9E43BDC27}
	EndGlobalSection
EndGlobal
