
Microsoft Visual Studio Solution File, Format Version 12.00
# Visual Studio Version 17
VisualStudioVersion = 17.3.32922.545
MinimumVisualStudioVersion = 10.0.40219.1
Project("{FAE04EC0-301F-11D3-BF4B-00C04F79EFBC}") = "LojaWeb", "LojaWeb\LojaWeb.csproj", "{38E64A15-4B08-4331-9FE5-BCE2E7C00ECB}"
EndProject
Global
	GlobalSection(SolutionConfigurationPlatforms) = preSolution
		Debug|Any CPU = Debug|Any CPU
		Release|Any CPU = Release|Any CPU
	EndGlobalSection
	GlobalSection(ProjectConfigurationPlatforms) = postSolution
		{38E64A15-4B08-4331-9FE5-BCE2E7C00ECB}.Debug|Any CPU.ActiveCfg = Debug|Any CPU
		{38E64A15-4B08-4331-9FE5-BCE2E7C00ECB}.Debug|Any CPU.Build.0 = Debug|Any CPU
		{38E64A15-4B08-4331-9FE5-BCE2E7C00ECB}.Release|Any CPU.ActiveCfg = Release|Any CPU
		{38E64A15-4B08-4331-9FE5-BCE2E7C00ECB}.Release|Any CPU.Build.0 = Release|Any CPU
	EndGlobalSection
	GlobalSection(SolutionProperties) = preSolution
		HideSolutionNode = FALSE
	EndGlobalSection
	GlobalSection(ExtensibilityGlobals) = postSolution
		SolutionGuid = {14FB515A-8173-4A34-BA29-B0CF6E78132D}
	EndGlobalSection
EndGlobal
